
Microsoft Visual Studio Solution File, Format Version 12.00
# Visual Studio 15
Project("{FAE04EC0-301F-11D3-BF4B-00C04F79EFBC}") = "UnityEngine.TestRunner", "UnityEngine.TestRunner.csproj", "{3E0E996D-C478-E8EB-16BD-BA69713BFB98}"
EndProject
Project("{FAE04EC0-301F-11D3-BF4B-00C04F79EFBC}") = "UnityEngine.XR.LegacyInputHelpers", "UnityEngine.XR.LegacyInputHelpers.csproj", "{98B2686F-3FC5-D169-EE51-B3530875E15F}"
EndProject
Project("{FAE04EC0-301F-11D3-BF4B-00C04F79EFBC}") = "Unity.InputSystem", "Unity.InputSystem.csproj", "{68E20D15-6EDF-EDDF-B93A-2BA10511149F}"
EndProject
Project("{FAE04EC0-301F-11D3-BF4B-00C04F79EFBC}") = "Unity.Timeline", "Unity.Timeline.csproj", "{C4F4B6E8-BF32-7CD0-FDCB-EC89DB34D7CB}"
EndProject
Project("{FAE04EC0-301F-11D3-BF4B-00C04F79EFBC}") = "UnityEngine.UI", "UnityEngine.UI.csproj", "{67888DB2-EE8D-34DB-E228-8120EF596B5B}"
EndProject
Project("{FAE04EC0-301F-11D3-BF4B-00C04F79EFBC}") = "Unity.TextMeshPro", "Unity.TextMeshPro.csproj", "{BD56E40F-79A1-9898-1E3C-127571DE29EC}"
EndProject
Project("{FAE04EC0-301F-11D3-BF4B-00C04F79EFBC}") = "Unity.XR.Management", "Unity.XR.Management.csproj", "{CDEB58CF-C2E3-2E36-A2EC-FDFDC7E52319}"
EndProject
Project("{FAE04EC0-301F-11D3-BF4B-00C04F79EFBC}") = "Unity.XR.OpenXR", "Unity.XR.OpenXR.csproj", "{83CC08BB-C0DA-B03A-AA8B-E262A55AD44E}"
EndProject
Project("{FAE04EC0-301F-11D3-BF4B-00C04F79EFBC}") = "Unity.XR.OpenXR.Features.MockDriver", "Unity.XR.OpenXR.Features.MockDriver.csproj", "{71A51BDD-1CA4-C2A6-9D9A-A0E9F369068E}"
EndProject
Project("{FAE04EC0-301F-11D3-BF4B-00C04F79EFBC}") = "Unity.XR.OpenXR.Features.ConformanceAutomation", "Unity.XR.OpenXR.Features.ConformanceAutomation.csproj", "{085BCD04-21C9-F9E5-8E7F-2DB86414026D}"
EndProject
Project("{FAE04EC0-301F-11D3-BF4B-00C04F79EFBC}") = "Assembly-CSharp", "Assembly-CSharp.csproj", "{B970F12B-0F9B-711A-36A7-D3BDDE991EC7}"
EndProject
Project("{FAE04EC0-301F-11D3-BF4B-00C04F79EFBC}") = "Unity.XR.OpenXR.TestHelpers", "Unity.XR.OpenXR.TestHelpers.csproj", "{78696857-6889-A705-D5E3-F9D91B59699E}"
EndProject
Project("{FAE04EC0-301F-11D3-BF4B-00C04F79EFBC}") = "Unity.XR.OpenXR.Features.MockRuntime", "Unity.XR.OpenXR.Features.MockRuntime.csproj", "{62F03235-3A16-1E9A-B9DA-19BE7BAA8175}"
EndProject
Project("{FAE04EC0-301F-11D3-BF4B-00C04F79EFBC}") = "Unity.Subsystem.Registration", "Unity.Subsystem.Registration.csproj", "{10D08729-02B0-A40F-7B4C-EC6B0AE4F0C8}"
EndProject
Project("{FAE04EC0-301F-11D3-BF4B-00C04F79EFBC}") = "UnityEngine.SpatialTracking", "UnityEngine.SpatialTracking.csproj", "{87D4342F-861A-703D-985F-D473A7D5996D}"
EndProject
Project("{FAE04EC0-301F-11D3-BF4B-00C04F79EFBC}") = "Unity.XR.OpenXR.Features.RuntimeDebugger", "Unity.XR.OpenXR.Features.RuntimeDebugger.csproj", "{6280E3D3-89F3-7189-724D-80E4218BFFD4}"
EndProject
Project("{FAE04EC0-301F-11D3-BF4B-00C04F79EFBC}") = "Unity.XR.OpenXR.Features.OculusQuestSupport", "Unity.XR.OpenXR.Features.OculusQuestSupport.csproj", "{90CE7631-3113-90C7-B961-A6AAE536D516}"
EndProject
Project("{FAE04EC0-301F-11D3-BF4B-00C04F79EFBC}") = "Unity.XR.ARFoundation", "Unity.XR.ARFoundation.csproj", "{93FF87B2-3BD3-46D5-E1F4-DB7368200BA7}"
EndProject
Project("{FAE04EC0-301F-11D3-BF4B-00C04F79EFBC}") = "Unity.XR.ARSubsystems", "Unity.XR.ARSubsystems.csproj", "{634A0602-D5DB-59EA-E23A-5879B9AB5662}"
EndProject
Project("{FAE04EC0-301F-11D3-BF4B-00C04F79EFBC}") = "Microsoft.MixedReality.OpenXR", "Microsoft.MixedReality.OpenXR.csproj", "{80AC2D21-4A78-2779-0EC9-A70DE13F37E9}"
EndProject
Project("{FAE04EC0-301F-11D3-BF4B-00C04F79EFBC}") = "Unity.XR.Management.Editor", "Unity.XR.Management.Editor.csproj", "{701F664E-3223-8667-B163-A176F14A9DA3}"
EndProject
Project("{FAE04EC0-301F-11D3-BF4B-00C04F79EFBC}") = "UnityEditor.TestRunner", "UnityEditor.TestRunner.csproj", "{C2972A11-543A-44EE-0B50-F5E4BAFFC006}"
EndProject
Project("{FAE04EC0-301F-11D3-BF4B-00C04F79EFBC}") = "Unity.PlasticSCM.Editor", "Unity.PlasticSCM.Editor.csproj", "{E71E1DE4-9558-9818-846C-99538E6C5286}"
EndProject
Project("{FAE04EC0-301F-11D3-BF4B-00C04F79EFBC}") = "Unity.XR.OpenXR.Editor", "Unity.XR.OpenXR.Editor.csproj", "{A79AC183-1A44-9000-3661-8B5B76902033}"
EndProject
Project("{FAE04EC0-301F-11D3-BF4B-00C04F79EFBC}") = "UnityEditor.UI", "UnityEditor.UI.csproj", "{D9AF2667-2284-3A4F-6FED-555D27CBA406}"
EndProject
Project("{FAE04EC0-301F-11D3-BF4B-00C04F79EFBC}") = "Unity.Timeline.Editor", "Unity.Timeline.Editor.csproj", "{30B3FBD1-4AA6-B238-E784-831F92746F3B}"
EndProject
Project("{FAE04EC0-301F-11D3-BF4B-00C04F79EFBC}") = "Unity.VisualStudio.Editor", "Unity.VisualStudio.Editor.csproj", "{05177416-CDFB-3309-65AF-FC53DF7EB3D8}"
EndProject
Project("{FAE04EC0-301F-11D3-BF4B-00C04F79EFBC}") = "Unity.TextMeshPro.Editor", "Unity.TextMeshPro.Editor.csproj", "{4FF74E80-7E34-79B7-89AE-186F4F3BB0B1}"
EndProject
Project("{FAE04EC0-301F-11D3-BF4B-00C04F79EFBC}") = "Unity.CollabProxy.Editor", "Unity.CollabProxy.Editor.csproj", "{3E656268-1D8B-9A99-14E4-AD37E9F2A81D}"
EndProject
Project("{FAE04EC0-301F-11D3-BF4B-00C04F79EFBC}") = "Unity.Rider.Editor", "Unity.Rider.Editor.csproj", "{AE04D597-6B09-28E5-6031-DB2980D7B2D9}"
EndProject
Project("{FAE04EC0-301F-11D3-BF4B-00C04F79EFBC}") = "Assembly-CSharp-Editor", "Assembly-CSharp-Editor.csproj", "{A284BBC9-910D-DA95-FBD8-AD28983EE6BF}"
EndProject
Project("{FAE04EC0-301F-11D3-BF4B-00C04F79EFBC}") = "UnityEditor.XR.LegacyInputHelpers", "UnityEditor.XR.LegacyInputHelpers.csproj", "{08AC1032-86C0-5C33-0EF8-130C7876F9D2}"
EndProject
Project("{FAE04EC0-301F-11D3-BF4B-00C04F79EFBC}") = "Unity.VSCode.Editor", "Unity.VSCode.Editor.csproj", "{050B1441-E7D5-5A51-7052-B31908D16600}"
EndProject
Project("{FAE04EC0-301F-11D3-BF4B-00C04F79EFBC}") = "UnityEditor.SpatialTracking", "UnityEditor.SpatialTracking.csproj", "{643C2FE3-0A34-A790-8D90-2EB6CBCF7D79}"
EndProject
Project("{FAE04EC0-301F-11D3-BF4B-00C04F79EFBC}") = "Unity.XR.OpenXR.Features.RuntimeDebugger.Editor", "Unity.XR.OpenXR.Features.RuntimeDebugger.Editor.csproj", "{8096A42E-229B-237D-963B-8F792E85C1A9}"
EndProject
Project("{FAE04EC0-301F-11D3-BF4B-00C04F79EFBC}") = "Unity.XR.OpenXR.Features.OculusQuestSupport.Editor", "Unity.XR.OpenXR.Features.OculusQuestSupport.Editor.csproj", "{AF0EC942-F674-8A83-AECC-59113B7E1BF5}"
EndProject
Project("{FAE04EC0-301F-11D3-BF4B-00C04F79EFBC}") = "Unity.XR.ARSubsystems.Editor", "Unity.XR.ARSubsystems.Editor.csproj", "{8F3FEFDB-1FAF-03D1-8097-9B1FCD2C190C}"
EndProject
Project("{FAE04EC0-301F-11D3-BF4B-00C04F79EFBC}") = "Unity.XR.ARFoundation.Editor", "Unity.XR.ARFoundation.Editor.csproj", "{2E57D1A3-8FB6-AC41-3807-1CBC88833204}"
EndProject
Project("{FAE04EC0-301F-11D3-BF4B-00C04F79EFBC}") = "Unity.InternalAPIEditorBridge.005", "Unity.InternalAPIEditorBridge.005.csproj", "{FC43572E-B619-43AC-FDA3-9E247B38B997}"
EndProject
Project("{FAE04EC0-301F-11D3-BF4B-00C04F79EFBC}") = "Microsoft.MixedReality.OpenXR.Editor", "Microsoft.MixedReality.OpenXR.Editor.csproj", "{8CB94E10-F500-DFC8-3872-B074D72D16D2}"
EndProject
Global
	GlobalSection(SolutionConfigurationPlatforms) = preSolution
		Debug|Any CPU = Debug|Any CPU
		Release|Any CPU = Release|Any CPU
	EndGlobalSection
	GlobalSection(ProjectConfigurationPlatforms) = postSolution
		{3E0E996D-C478-E8EB-16BD-BA69713BFB98}.Debug|Any CPU.ActiveCfg = Debug|Any CPU
		{3E0E996D-C478-E8EB-16BD-BA69713BFB98}.Debug|Any CPU.Build.0 = Debug|Any CPU
		{3E0E996D-C478-E8EB-16BD-BA69713BFB98}.Release|Any CPU.ActiveCfg = Release|Any CPU
		{3E0E996D-C478-E8EB-16BD-BA69713BFB98}.Release|Any CPU.Build.0 = Release|Any CPU
		{98B2686F-3FC5-D169-EE51-B3530875E15F}.Debug|Any CPU.ActiveCfg = Debug|Any CPU
		{98B2686F-3FC5-D169-EE51-B3530875E15F}.Debug|Any CPU.Build.0 = Debug|Any CPU
		{98B2686F-3FC5-D169-EE51-B3530875E15F}.Release|Any CPU.ActiveCfg = Release|Any CPU
		{98B2686F-3FC5-D169-EE51-B3530875E15F}.Release|Any CPU.Build.0 = Release|Any CPU
		{68E20D15-6EDF-EDDF-B93A-2BA10511149F}.Debug|Any CPU.ActiveCfg = Debug|Any CPU
		{68E20D15-6EDF-EDDF-B93A-2BA10511149F}.Debug|Any CPU.Build.0 = Debug|Any CPU
		{68E20D15-6EDF-EDDF-B93A-2BA10511149F}.Release|Any CPU.ActiveCfg = Release|Any CPU
		{68E20D15-6EDF-EDDF-B93A-2BA10511149F}.Release|Any CPU.Build.0 = Release|Any CPU
		{C4F4B6E8-BF32-7CD0-FDCB-EC89DB34D7CB}.Debug|Any CPU.ActiveCfg = Debug|Any CPU
		{C4F4B6E8-BF32-7CD0-FDCB-EC89DB34D7CB}.Debug|Any CPU.Build.0 = Debug|Any CPU
		{C4F4B6E8-BF32-7CD0-FDCB-EC89DB34D7CB}.Release|Any CPU.ActiveCfg = Release|Any CPU
		{C4F4B6E8-BF32-7CD0-FDCB-EC89DB34D7CB}.Release|Any CPU.Build.0 = Release|Any CPU
		{67888DB2-EE8D-34DB-E228-8120EF596B5B}.Debug|Any CPU.ActiveCfg = Debug|Any CPU
		{67888DB2-EE8D-34DB-E228-8120EF596B5B}.Debug|Any CPU.Build.0 = Debug|Any CPU
		{67888DB2-EE8D-34DB-E228-8120EF596B5B}.Release|Any CPU.ActiveCfg = Release|Any CPU
		{67888DB2-EE8D-34DB-E228-8120EF596B5B}.Release|Any CPU.Build.0 = Release|Any CPU
		{BD56E40F-79A1-9898-1E3C-127571DE29EC}.Debug|Any CPU.ActiveCfg = Debug|Any CPU
		{BD56E40F-79A1-9898-1E3C-127571DE29EC}.Debug|Any CPU.Build.0 = Debug|Any CPU
		{BD56E40F-79A1-9898-1E3C-127571DE29EC}.Release|Any CPU.ActiveCfg = Release|Any CPU
		{BD56E40F-79A1-9898-1E3C-127571DE29EC}.Release|Any CPU.Build.0 = Release|Any CPU
		{CDEB58CF-C2E3-2E36-A2EC-FDFDC7E52319}.Debug|Any CPU.ActiveCfg = Debug|Any CPU
		{CDEB58CF-C2E3-2E36-A2EC-FDFDC7E52319}.Debug|Any CPU.Build.0 = Debug|Any CPU
		{CDEB58CF-C2E3-2E36-A2EC-FDFDC7E52319}.Release|Any CPU.ActiveCfg = Release|Any CPU
		{CDEB58CF-C2E3-2E36-A2EC-FDFDC7E52319}.Release|Any CPU.Build.0 = Release|Any CPU
		{83CC08BB-C0DA-B03A-AA8B-E262A55AD44E}.Debug|Any CPU.ActiveCfg = Debug|Any CPU
		{83CC08BB-C0DA-B03A-AA8B-E262A55AD44E}.Debug|Any CPU.Build.0 = Debug|Any CPU
		{83CC08BB-C0DA-B03A-AA8B-E262A55AD44E}.Release|Any CPU.ActiveCfg = Release|Any CPU
		{83CC08BB-C0DA-B03A-AA8B-E262A55AD44E}.Release|Any CPU.Build.0 = Release|Any CPU
		{71A51BDD-1CA4-C2A6-9D9A-A0E9F369068E}.Debug|Any CPU.ActiveCfg = Debug|Any CPU
		{71A51BDD-1CA4-C2A6-9D9A-A0E9F369068E}.Debug|Any CPU.Build.0 = Debug|Any CPU
		{71A51BDD-1CA4-C2A6-9D9A-A0E9F369068E}.Release|Any CPU.ActiveCfg = Release|Any CPU
		{71A51BDD-1CA4-C2A6-9D9A-A0E9F369068E}.Release|Any CPU.Build.0 = Release|Any CPU
		{085BCD04-21C9-F9E5-8E7F-2DB86414026D}.Debug|Any CPU.ActiveCfg = Debug|Any CPU
		{085BCD04-21C9-F9E5-8E7F-2DB86414026D}.Debug|Any CPU.Build.0 = Debug|Any CPU
		{085BCD04-21C9-F9E5-8E7F-2DB86414026D}.Release|Any CPU.ActiveCfg = Release|Any CPU
		{085BCD04-21C9-F9E5-8E7F-2DB86414026D}.Release|Any CPU.Build.0 = Release|Any CPU
		{B970F12B-0F9B-711A-36A7-D3BDDE991EC7}.Debug|Any CPU.ActiveCfg = Debug|Any CPU
		{B970F12B-0F9B-711A-36A7-D3BDDE991EC7}.Debug|Any CPU.Build.0 = Debug|Any CPU
		{B970F12B-0F9B-711A-36A7-D3BDDE991EC7}.Release|Any CPU.ActiveCfg = Release|Any CPU
		{B970F12B-0F9B-711A-36A7-D3BDDE991EC7}.Release|Any CPU.Build.0 = Release|Any CPU
		{78696857-6889-A705-D5E3-F9D91B59699E}.Debug|Any CPU.ActiveCfg = Debug|Any CPU
		{78696857-6889-A705-D5E3-F9D91B59699E}.Debug|Any CPU.Build.0 = Debug|Any CPU
		{78696857-6889-A705-D5E3-F9D91B59699E}.Release|Any CPU.ActiveCfg = Release|Any CPU
		{78696857-6889-A705-D5E3-F9D91B59699E}.Release|Any CPU.Build.0 = Release|Any CPU
		{62F03235-3A16-1E9A-B9DA-19BE7BAA8175}.Debug|Any CPU.ActiveCfg = Debug|Any CPU
		{62F03235-3A16-1E9A-B9DA-19BE7BAA8175}.Debug|Any CPU.Build.0 = Debug|Any CPU
		{62F03235-3A16-1E9A-B9DA-19BE7BAA8175}.Release|Any CPU.ActiveCfg = Release|Any CPU
		{62F03235-3A16-1E9A-B9DA-19BE7BAA8175}.Release|Any CPU.Build.0 = Release|Any CPU
		{10D08729-02B0-A40F-7B4C-EC6B0AE4F0C8}.Debug|Any CPU.ActiveCfg = Debug|Any CPU
		{10D08729-02B0-A40F-7B4C-EC6B0AE4F0C8}.Debug|Any CPU.Build.0 = Debug|Any CPU
		{10D08729-02B0-A40F-7B4C-EC6B0AE4F0C8}.Release|Any CPU.ActiveCfg = Release|Any CPU
		{10D08729-02B0-A40F-7B4C-EC6B0AE4F0C8}.Release|Any CPU.Build.0 = Release|Any CPU
		{87D4342F-861A-703D-985F-D473A7D5996D}.Debug|Any CPU.ActiveCfg = Debug|Any CPU
		{87D4342F-861A-703D-985F-D473A7D5996D}.Debug|Any CPU.Build.0 = Debug|Any CPU
		{87D4342F-861A-703D-985F-D473A7D5996D}.Release|Any CPU.ActiveCfg = Release|Any CPU
		{87D4342F-861A-703D-985F-D473A7D5996D}.Release|Any CPU.Build.0 = Release|Any CPU
		{6280E3D3-89F3-7189-724D-80E4218BFFD4}.Debug|Any CPU.ActiveCfg = Debug|Any CPU
		{6280E3D3-89F3-7189-724D-80E4218BFFD4}.Debug|Any CPU.Build.0 = Debug|Any CPU
		{6280E3D3-89F3-7189-724D-80E4218BFFD4}.Release|Any CPU.ActiveCfg = Release|Any CPU
		{6280E3D3-89F3-7189-724D-80E4218BFFD4}.Release|Any CPU.Build.0 = Release|Any CPU
		{90CE7631-3113-90C7-B961-A6AAE536D516}.Debug|Any CPU.ActiveCfg = Debug|Any CPU
		{90CE7631-3113-90C7-B961-A6AAE536D516}.Debug|Any CPU.Build.0 = Debug|Any CPU
		{90CE7631-3113-90C7-B961-A6AAE536D516}.Release|Any CPU.ActiveCfg = Release|Any CPU
		{90CE7631-3113-90C7-B961-A6AAE536D516}.Release|Any CPU.Build.0 = Release|Any CPU
		{93FF87B2-3BD3-46D5-E1F4-DB7368200BA7}.Debug|Any CPU.ActiveCfg = Debug|Any CPU
		{93FF87B2-3BD3-46D5-E1F4-DB7368200BA7}.Debug|Any CPU.Build.0 = Debug|Any CPU
		{93FF87B2-3BD3-46D5-E1F4-DB7368200BA7}.Release|Any CPU.ActiveCfg = Release|Any CPU
		{93FF87B2-3BD3-46D5-E1F4-DB7368200BA7}.Release|Any CPU.Build.0 = Release|Any CPU
		{634A0602-D5DB-59EA-E23A-5879B9AB5662}.Debug|Any CPU.ActiveCfg = Debug|Any CPU
		{634A0602-D5DB-59EA-E23A-5879B9AB5662}.Debug|Any CPU.Build.0 = Debug|Any CPU
		{634A0602-D5DB-59EA-E23A-5879B9AB5662}.Release|Any CPU.ActiveCfg = Release|Any CPU
		{634A0602-D5DB-59EA-E23A-5879B9AB5662}.Release|Any CPU.Build.0 = Release|Any CPU
		{80AC2D21-4A78-2779-0EC9-A70DE13F37E9}.Debug|Any CPU.ActiveCfg = Debug|Any CPU
		{80AC2D21-4A78-2779-0EC9-A70DE13F37E9}.Debug|Any CPU.Build.0 = Debug|Any CPU
		{80AC2D21-4A78-2779-0EC9-A70DE13F37E9}.Release|Any CPU.ActiveCfg = Release|Any CPU
		{80AC2D21-4A78-2779-0EC9-A70DE13F37E9}.Release|Any CPU.Build.0 = Release|Any CPU
		{701F664E-3223-8667-B163-A176F14A9DA3}.Debug|Any CPU.ActiveCfg = Debug|Any CPU
		{701F664E-3223-8667-B163-A176F14A9DA3}.Debug|Any CPU.Build.0 = Debug|Any CPU
		{701F664E-3223-8667-B163-A176F14A9DA3}.Release|Any CPU.ActiveCfg = Release|Any CPU
		{701F664E-3223-8667-B163-A176F14A9DA3}.Release|Any CPU.Build.0 = Release|Any CPU
		{C2972A11-543A-44EE-0B50-F5E4BAFFC006}.Debug|Any CPU.ActiveCfg = Debug|Any CPU
		{C2972A11-543A-44EE-0B50-F5E4BAFFC006}.Debug|Any CPU.Build.0 = Debug|Any CPU
		{C2972A11-543A-44EE-0B50-F5E4BAFFC006}.Release|Any CPU.ActiveCfg = Release|Any CPU
		{C2972A11-543A-44EE-0B50-F5E4BAFFC006}.Release|Any CPU.Build.0 = Release|Any CPU
		{E71E1DE4-9558-9818-846C-99538E6C5286}.Debug|Any CPU.ActiveCfg = Debug|Any CPU
		{E71E1DE4-9558-9818-846C-99538E6C5286}.Debug|Any CPU.Build.0 = Debug|Any CPU
		{E71E1DE4-9558-9818-846C-99538E6C5286}.Release|Any CPU.ActiveCfg = Release|Any CPU
		{E71E1DE4-9558-9818-846C-99538E6C5286}.Release|Any CPU.Build.0 = Release|Any CPU
		{A79AC183-1A44-9000-3661-8B5B76902033}.Debug|Any CPU.ActiveCfg = Debug|Any CPU
		{A79AC183-1A44-9000-3661-8B5B76902033}.Debug|Any CPU.Build.0 = Debug|Any CPU
		{A79AC183-1A44-9000-3661-8B5B76902033}.Release|Any CPU.ActiveCfg = Release|Any CPU
		{A79AC183-1A44-9000-3661-8B5B76902033}.Release|Any CPU.Build.0 = Release|Any CPU
		{D9AF2667-2284-3A4F-6FED-555D27CBA406}.Debug|Any CPU.ActiveCfg = Debug|Any CPU
		{D9AF2667-2284-3A4F-6FED-555D27CBA406}.Debug|Any CPU.Build.0 = Debug|Any CPU
		{D9AF2667-2284-3A4F-6FED-555D27CBA406}.Release|Any CPU.ActiveCfg = Release|Any CPU
		{D9AF2667-2284-3A4F-6FED-555D27CBA406}.Release|Any CPU.Build.0 = Release|Any CPU
		{30B3FBD1-4AA6-B238-E784-831F92746F3B}.Debug|Any CPU.ActiveCfg = Debug|Any CPU
		{30B3FBD1-4AA6-B238-E784-831F92746F3B}.Debug|Any CPU.Build.0 = Debug|Any CPU
		{30B3FBD1-4AA6-B238-E784-831F92746F3B}.Release|Any CPU.ActiveCfg = Release|Any CPU
		{30B3FBD1-4AA6-B238-E784-831F92746F3B}.Release|Any CPU.Build.0 = Release|Any CPU
		{05177416-CDFB-3309-65AF-FC53DF7EB3D8}.Debug|Any CPU.ActiveCfg = Debug|Any CPU
		{05177416-CDFB-3309-65AF-FC53DF7EB3D8}.Debug|Any CPU.Build.0 = Debug|Any CPU
		{05177416-CDFB-3309-65AF-FC53DF7EB3D8}.Release|Any CPU.ActiveCfg = Release|Any CPU
		{05177416-CDFB-3309-65AF-FC53DF7EB3D8}.Release|Any CPU.Build.0 = Release|Any CPU
		{4FF74E80-7E34-79B7-89AE-186F4F3BB0B1}.Debug|Any CPU.ActiveCfg = Debug|Any CPU
		{4FF74E80-7E34-79B7-89AE-186F4F3BB0B1}.Debug|Any CPU.Build.0 = Debug|Any CPU
		{4FF74E80-7E34-79B7-89AE-186F4F3BB0B1}.Release|Any CPU.ActiveCfg = Release|Any CPU
		{4FF74E80-7E34-79B7-89AE-186F4F3BB0B1}.Release|Any CPU.Build.0 = Release|Any CPU
		{3E656268-1D8B-9A99-14E4-AD37E9F2A81D}.Debug|Any CPU.ActiveCfg = Debug|Any CPU
		{3E656268-1D8B-9A99-14E4-AD37E9F2A81D}.Debug|Any CPU.Build.0 = Debug|Any CPU
		{3E656268-1D8B-9A99-14E4-AD37E9F2A81D}.Release|Any CPU.ActiveCfg = Release|Any CPU
		{3E656268-1D8B-9A99-14E4-AD37E9F2A81D}.Release|Any CPU.Build.0 = Release|Any CPU
		{AE04D597-6B09-28E5-6031-DB2980D7B2D9}.Debug|Any CPU.ActiveCfg = Debug|Any CPU
		{AE04D597-6B09-28E5-6031-DB2980D7B2D9}.Debug|Any CPU.Build.0 = Debug|Any CPU
		{AE04D597-6B09-28E5-6031-DB2980D7B2D9}.Release|Any CPU.ActiveCfg = Release|Any CPU
		{AE04D597-6B09-28E5-6031-DB2980D7B2D9}.Release|Any CPU.Build.0 = Release|Any CPU
		{A284BBC9-910D-DA95-FBD8-AD28983EE6BF}.Debug|Any CPU.ActiveCfg = Debug|Any CPU
		{A284BBC9-910D-DA95-FBD8-AD28983EE6BF}.Debug|Any CPU.Build.0 = Debug|Any CPU
		{A284BBC9-910D-DA95-FBD8-AD28983EE6BF}.Release|Any CPU.ActiveCfg = Release|Any CPU
		{A284BBC9-910D-DA95-FBD8-AD28983EE6BF}.Release|Any CPU.Build.0 = Release|Any CPU
		{08AC1032-86C0-5C33-0EF8-130C7876F9D2}.Debug|Any CPU.ActiveCfg = Debug|Any CPU
		{08AC1032-86C0-5C33-0EF8-130C7876F9D2}.Debug|Any CPU.Build.0 = Debug|Any CPU
		{08AC1032-86C0-5C33-0EF8-130C7876F9D2}.Release|Any CPU.ActiveCfg = Release|Any CPU
		{08AC1032-86C0-5C33-0EF8-130C7876F9D2}.Release|Any CPU.Build.0 = Release|Any CPU
		{050B1441-E7D5-5A51-7052-B31908D16600}.Debug|Any CPU.ActiveCfg = Debug|Any CPU
		{050B1441-E7D5-5A51-7052-B31908D16600}.Debug|Any CPU.Build.0 = Debug|Any CPU
		{050B1441-E7D5-5A51-7052-B31908D16600}.Release|Any CPU.ActiveCfg = Release|Any CPU
		{050B1441-E7D5-5A51-7052-B31908D16600}.Release|Any CPU.Build.0 = Release|Any CPU
		{643C2FE3-0A34-A790-8D90-2EB6CBCF7D79}.Debug|Any CPU.ActiveCfg = Debug|Any CPU
		{643C2FE3-0A34-A790-8D90-2EB6CBCF7D79}.Debug|Any CPU.Build.0 = Debug|Any CPU
		{643C2FE3-0A34-A790-8D90-2EB6CBCF7D79}.Release|Any CPU.ActiveCfg = Release|Any CPU
		{643C2FE3-0A34-A790-8D90-2EB6CBCF7D79}.Release|Any CPU.Build.0 = Release|Any CPU
		{8096A42E-229B-237D-963B-8F792E85C1A9}.Debug|Any CPU.ActiveCfg = Debug|Any CPU
		{8096A42E-229B-237D-963B-8F792E85C1A9}.Debug|Any CPU.Build.0 = Debug|Any CPU
		{8096A42E-229B-237D-963B-8F792E85C1A9}.Release|Any CPU.ActiveCfg = Release|Any CPU
		{8096A42E-229B-237D-963B-8F792E85C1A9}.Release|Any CPU.Build.0 = Release|Any CPU
		{AF0EC942-F674-8A83-AECC-59113B7E1BF5}.Debug|Any CPU.ActiveCfg = Debug|Any CPU
		{AF0EC942-F674-8A83-AECC-59113B7E1BF5}.Debug|Any CPU.Build.0 = Debug|Any CPU
		{AF0EC942-F674-8A83-AECC-59113B7E1BF5}.Release|Any CPU.ActiveCfg = Release|Any CPU
		{AF0EC942-F674-8A83-AECC-59113B7E1BF5}.Release|Any CPU.Build.0 = Release|Any CPU
		{8F3FEFDB-1FAF-03D1-8097-9B1FCD2C190C}.Debug|Any CPU.ActiveCfg = Debug|Any CPU
		{8F3FEFDB-1FAF-03D1-8097-9B1FCD2C190C}.Debug|Any CPU.Build.0 = Debug|Any CPU
		{8F3FEFDB-1FAF-03D1-8097-9B1FCD2C190C}.Release|Any CPU.ActiveCfg = Release|Any CPU
		{8F3FEFDB-1FAF-03D1-8097-9B1FCD2C190C}.Release|Any CPU.Build.0 = Release|Any CPU
		{2E57D1A3-8FB6-AC41-3807-1CBC88833204}.Debug|Any CPU.ActiveCfg = Debug|Any CPU
		{2E57D1A3-8FB6-AC41-3807-1CBC88833204}.Debug|Any CPU.Build.0 = Debug|Any CPU
		{2E57D1A3-8FB6-AC41-3807-1CBC88833204}.Release|Any CPU.ActiveCfg = Release|Any CPU
		{2E57D1A3-8FB6-AC41-3807-1CBC88833204}.Release|Any CPU.Build.0 = Release|Any CPU
		{FC43572E-B619-43AC-FDA3-9E247B38B997}.Debug|Any CPU.ActiveCfg = Debug|Any CPU
		{FC43572E-B619-43AC-FDA3-9E247B38B997}.Debug|Any CPU.Build.0 = Debug|Any CPU
		{FC43572E-B619-43AC-FDA3-9E247B38B997}.Release|Any CPU.ActiveCfg = Release|Any CPU
		{FC43572E-B619-43AC-FDA3-9E247B38B997}.Release|Any CPU.Build.0 = Release|Any CPU
		{8CB94E10-F500-DFC8-3872-B074D72D16D2}.Debug|Any CPU.ActiveCfg = Debug|Any CPU
		{8CB94E10-F500-DFC8-3872-B074D72D16D2}.Debug|Any CPU.Build.0 = Debug|Any CPU
		{8CB94E10-F500-DFC8-3872-B074D72D16D2}.Release|Any CPU.ActiveCfg = Release|Any CPU
		{8CB94E10-F500-DFC8-3872-B074D72D16D2}.Release|Any CPU.Build.0 = Release|Any CPU
	EndGlobalSection
	GlobalSection(SolutionProperties) = preSolution
		HideSolutionNode = FALSE
	EndGlobalSection
EndGlobal
